Microsoft Visual Studio Solution File, Format Version 12.00
# Visual Studio Version 17
VisualStudioVersion = 17.5.2.0
MinimumVisualStudioVersion = 10.0.40219.1
Project("{2150E333-8FDC-42A3-9474-1A3956D46DE8}") = "app", "app", "{F95F473B-E98A-ACD6-1986-755F447BE36F}"
EndProject
Project("{FAE04EC0-301F-11D3-BF4B-00C04F79EFBC}") = "CatDiabetesLogger", "app\CatDiabetesLogger.csproj", "{AA9DBB7D-128C-557B-66E1-5C377A141A37}"
EndProject
Global
	GlobalSection(SolutionConfigurationPlatforms) = preSolution
		Debug|Any CPU = Debug|Any CPU
		Release|Any CPU = Release|Any CPU
	EndGlobalSection
	GlobalSection(ProjectConfigurationPlatforms) = postSolution
		{AA9DBB7D-128C-557B-66E1-5C377A141A37}.Debug|Any CPU.ActiveCfg = Debug|Any CPU
		{AA9DBB7D-128C-557B-66E1-5C377A141A37}.Debug|Any CPU.Build.0 = Debug|Any CPU
		{AA9DBB7D-128C-557B-66E1-5C377A141A37}.Release|Any CPU.ActiveCfg = Release|Any CPU
		{AA9DBB7D-128C-557B-66E1-5C377A141A37}.Release|Any CPU.Build.0 = Release|Any CPU
	EndGlobalSection
	GlobalSection(SolutionProperties) = preSolution
		HideSolutionNode = FALSE
	EndGlobalSection
	GlobalSection(NestedProjects) = preSolution
		{AA9DBB7D-128C-557B-66E1-5C377A141A37} = {F95F473B-E98A-ACD6-1986-755F447BE36F}
	EndGlobalSection
	GlobalSection(ExtensibilityGlobals) = postSolution
		SolutionGuid = {87520163-2321-46F2-A1C0-F1AA210F07BA}
	EndGlobalSection
EndGlobal
